// !$*UTF8*$!
{
	archiveVersion = 1;
	classes = {
	};
	objectVersion = 56;
	objects = {

/* Begin PBXBuildFile section */
		6438514C2A192584004CAC1C /* CollageApp.swift in Sources */ = {isa = PBXBuildFile; fileRef = 6438514B2A192584004CAC1C /* CollageApp.swift */; };
		6438514E2A192584004CAC1C /* ContentView.swift in Sources */ = {isa = PBXBuildFile; fileRef = 6438514D2A192584004CAC1C /* ContentView.swift */; };
		643851502A192585004CAC1C /* Assets.xcassets in Resources */ = {isa = PBXBuildFile; fileRef = 6438514F2A192585004CAC1C /* Assets.xcassets */; };
		643851532A192585004CAC1C /* Preview Assets.xcassets in Resources */ = {isa = PBXBuildFile; fileRef = 643851522A192585004CAC1C /* Preview Assets.xcassets */; };
		6438515D2A192585004CAC1C /* CollageTests.swift in Sources */ = {isa = PBXBuildFile; fileRef = 6438515C2A192585004CAC1C /* CollageTests.swift */; };
		643851672A192585004CAC1C /* CollageUITests.swift in Sources */ = {isa = PBXBuildFile; fileRef = 643851662A192585004CAC1C /* CollageUITests.swift */; };
		643851692A192585004CAC1C /* CollageUITestsLaunchTests.swift in Sources */ = {isa = PBXBuildFile; fileRef = 643851682A192585004CAC1C /* CollageUITestsLaunchTests.swift */; };
/* End PBXBuildFile section */

/* Begin PBXContainerItemProxy section */
		643851592A192585004CAC1C /* PBXContainerItemProxy */ = {
			isa = PBXContainerItemProxy;
			containerPortal = 643851402A192584004CAC1C /* Project object */;
			proxyType = 1;
			remoteGlobalIDString = 643851472A192584004CAC1C;
			remoteInfo = Collage;
		};
		643851632A192585004CAC1C /* PBXContainerItemProxy */ = {
			isa = PBXContainerItemProxy;
			containerPortal = 643851402A192584004CAC1C /* Project object */;
			proxyType = 1;
			remoteGlobalIDString = 643851472A192584004CAC1C;
			remoteInfo = Collage;
		};
/* End PBXContainerItemProxy section */

/* Begin PBXFileReference section */
		643851482A192584004CAC1C /* Collage.app */ = {isa = PBXFileReference; explicitFileType = wrapper.application; includeInIndex = 0; path = Collage.app; sourceTree = BUILT_PRODUCTS_DIR; };
		6438514B2A192584004CAC1C /* CollageApp.swift */ = {isa = PBXFileReference; lastKnownFileType = sourcecode.swift; path = CollageApp.swift; sourceTree = "<group>"; };
		6438514D2A192584004CAC1C /* ContentView.swift */ = {isa = PBXFileReference; lastKnownFileType = sourcecode.swift; path = ContentView.swift; sourceTree = "<group>"; };
		6438514F2A192585004CAC1C /* Assets.xcassets */ = {isa = PBXFileReference; lastKnownFileType = folder.assetcatalog; path = Assets.xcassets; sourceTree = "<group>"; };
		643851522A192585004CAC1C /* Preview Assets.xcassets */ = {isa = PBXFileReference; lastKnownFileType = folder.assetcatalog; path = "Preview Assets.xcassets"; sourceTree = "<group>"; };
		643851582A192585004CAC1C /* CollageTests.xctest */ = {isa = PBXFileReference; explicitFileType = wrapper.cfbundle; includeInIndex = 0; path = CollageTests.xctest; sourceTree = BUILT_PRODUCTS_DIR; };
		6438515C2A192585004CAC1C /* CollageTests.swift */ = {isa = PBXFileReference; lastKnownFileType = sourcecode.swift; path = CollageTests.swift; sourceTree = "<group>"; };
		643851622A192585004CAC1C /* CollageUITests.xctest */ = {isa = PBXFileReference; explicitFileType = wrapper.cfbundle; includeInIndex = 0; path = CollageUITests.xctest; sourceTree = BUILT_PRODUCTS_DIR; };
		643851662A192585004CAC1C /* CollageUITests.swift */ = {isa = PBXFileReference; lastKnownFileType = sourcecode.swift; path = CollageUITests.swift; sourceTree = "<group>"; };
		643851682A192585004CAC1C /* CollageUITestsLaunchTests.swift */ = {isa = PBXFileReference; lastKnownFileType = sourcecode.swift; path = CollageUITestsLaunchTests.swift; sourceTree = "<group>"; };
/* End PBXFileReference section */

/* Begin PBXFrameworksBuildPhase section */
		643851452A192584004CAC1C /* Frameworks */ = {
			isa = PBXFrameworksBuildPhase;
			buildActionMask = 2147483647;
			files = (
			);
			runOnlyForDeploymentPostprocessing = 0;
		};
		643851552A192585004CAC1C /* Frameworks */ = {
			isa = PBXFrameworksBuildPhase;
			buildActionMask = 2147483647;
			files = (
			);
			runOnlyForDeploymentPostprocessing = 0;
		};
		6438515F2A192585004CAC1C /* Frameworks */ = {
			isa = PBXFrameworksBuildPhase;
			buildActionMask = 2147483647;
			files = (
			);
			runOnlyForDeploymentPostprocessing = 0;
		};
/* End PBXFrameworksBuildPhase section */

/* Begin PBXGroup section */
		6438513F2A192584004CAC1C = {
			isa = PBXGroup;
			children = (
				6438514A2A192584004CAC1C /* Collage */,
				6438515B2A192585004CAC1C /* CollageTests */,
				643851652A192585004CAC1C /* CollageUITests */,
				643851492A192584004CAC1C /* Products */,
			);
			sourceTree = "<group>";
		};
		643851492A192584004CAC1C /* Products */ = {
			isa = PBXGroup;
			children = (
				643851482A192584004CAC1C /* Collage.app */,
				643851582A192585004CAC1C /* CollageTests.xctest */,
				643851622A192585004CAC1C /* CollageUITests.xctest */,
			);
			name = Products;
			sourceTree = "<group>";
		};
		6438514A2A192584004CAC1C /* Collage */ = {
			isa = PBXGroup;
			children = (
				6438514B2A192584004CAC1C /* CollageApp.swift */,
				6438514D2A192584004CAC1C /* ContentView.swift */,
				6438514F2A192585004CAC1C /* Assets.xcassets */,
				643851512A192585004CAC1C /* Preview Content */,
			);
			path = Collage;
			sourceTree = "<group>";
		};
		643851512A192585004CAC1C /* Preview Content */ = {
			isa = PBXGroup;
			children = (
				643851522A192585004CAC1C /* Preview Assets.xcassets */,
			);
			path = "Preview Content";
			sourceTree = "<group>";
		};
		6438515B2A192585004CAC1C /* CollageTests */ = {
			isa = PBXGroup;
			children = (
				6438515C2A192585004CAC1C /* CollageTests.swift */,
			);
			path = CollageTests;
			sourceTree = "<group>";
		};
		643851652A192585004CAC1C /* CollageUITests */ = {
			isa = PBXGroup;
			children = (
				643851662A192585004CAC1C /* CollageUITests.swift */,
				643851682A192585004CAC1C /* CollageUITestsLaunchTests.swift */,
			);
			path = CollageUITests;
			sourceTree = "<group>";
		};
/* End PBXGroup section */

/* Begin PBXNativeTarget section */
		643851472A192584004CAC1C /* Collage */ = {
			isa = PBXNativeTarget;
			buildConfigurationList = 6438516C2A192585004CAC1C /* Build configuration list for PBXNativeTarget "Collage" */;
			buildPhases = (
				643851442A192584004CAC1C /* Sources */,
				643851452A192584004CAC1C /* Frameworks */,
				643851462A192584004CAC1C /* Resources */,
			);
			buildRules = (
			);
			dependencies = (
			);
			name = Collage;
			productName = Collage;
			productReference = 643851482A192584004CAC1C /* Collage.app */;
			productType = "com.apple.product-type.application";
		};
		643851572A192585004CAC1C /* CollageTests */ = {
			isa = PBXNativeTarget;
			buildConfigurationList = 6438516F2A192585004CAC1C /* Build configuration list for PBXNativeTarget "CollageTests" */;
			buildPhases = (
				643851542A192585004CAC1C /* Sources */,
				643851552A192585004CAC1C /* Frameworks */,
				643851562A192585004CAC1C /* Resources */,
			);
			buildRules = (
			);
			dependencies = (
				6438515A2A192585004CAC1C /* PBXTargetDependency */,
			);
			name = CollageTests;
			productName = CollageTests;
			productReference = 643851582A192585004CAC1C /* CollageTests.xctest */;
			productType = "com.apple.product-type.bundle.unit-test";
		};
		643851612A192585004CAC1C /* CollageUITests */ = {
			isa = PBXNativeTarget;
			buildConfigurationList = 643851722A192585004CAC1C /* Build configuration list for PBXNativeTarget "CollageUITests" */;
			buildPhases = (
				6438515E2A192585004CAC1C /* Sources */,
				6438515F2A192585004CAC1C /* Frameworks */,
				643851602A192585004CAC1C /* Resources */,
			);
			buildRules = (
			);
			dependencies = (
				643851642A192585004CAC1C /* PBXTargetDependency */,
			);
			name = CollageUITests;
			productName = CollageUITests;
			productReference = 643851622A192585004CAC1C /* CollageUITests.xctest */;
			productType = "com.apple.product-type.bundle.ui-testing";
		};
/* End PBXNativeTarget section */

/* Begin PBXProject section */
		643851402A192584004CAC1C /* Project object */ = {
			isa = PBXProject;
			attributes = {
				BuildIndependentTargetsInParallel = 1;
				LastSwiftUpdateCheck = 1430;
				LastUpgradeCheck = 1430;
				TargetAttributes = {
					643851472A192584004CAC1C = {
						CreatedOnToolsVersion = 14.3;
					};
					643851572A192585004CAC1C = {
						CreatedOnToolsVersion = 14.3;
						TestTargetID = 643851472A192584004CAC1C;
					};
					643851612A192585004CAC1C = {
						CreatedOnToolsVersion = 14.3;
						TestTargetID = 643851472A192584004CAC1C;
					};
				};
			};
			buildConfigurationList = 643851432A192584004CAC1C /* Build configuration list for PBXProject "Collage" */;
			compatibilityVersion = "Xcode 14.0";
			developmentRegion = en;
			hasScannedForEncodings = 0;
			knownRegions = (
				en,
				Base,
			);
			mainGroup = 6438513F2A192584004CAC1C;
			productRefGroup = 643851492A192584004CAC1C /* Products */;
			projectDirPath = "";
			projectRoot = "";
			targets = (
				643851472A192584004CAC1C /* Collage */,
				643851572A192585004CAC1C /* CollageTests */,
				643851612A192585004CAC1C /* CollageUITests */,
			);
		};
/* End PBXProject section */

/* Begin PBXResourcesBuildPhase section */
		643851462A192584004CAC1C /* Resources */ = {
			isa = PBXResourcesBuildPhase;
			buildActionMask = 2147483647;
			files = (
				643851532A192585004CAC1C /* Preview Assets.xcassets in Resources */,
				643851502A192585004CAC1C /* Assets.xcassets in Resources */,
			);
			runOnlyForDeploymentPostprocessing = 0;
		};
		643851562A192585004CAC1C /* Resources */ = {
			isa = PBXResourcesBuildPhase;
			buildActionMask = 2147483647;
			files = (
			);
			runOnlyForDeploymentPostprocessing = 0;
		};
		643851602A192585004CAC1C /* Resources */ = {
			isa = PBXResourcesBuildPhase;
			buildActionMask = 2147483647;
			files = (
			);
			runOnlyForDeploymentPostprocessing = 0;
		};
/* End PBXResourcesBuildPhase section */

/* Begin PBXSourcesBuildPhase section */
		643851442A192584004CAC1C /* Sources */ = {
			isa = PBXSourcesBuildPhase;
			buildActionMask = 2147483647;
			files = (
				6438514E2A192584004CAC1C /* ContentView.swift in Sources */,
				6438514C2A192584004CAC1C /* CollageApp.swift in Sources */,
			);
			runOnlyForDeploymentPostprocessing = 0;
		};
		643851542A192585004CAC1C /* Sources */ = {
			isa = PBXSourcesBuildPhase;
			buildActionMask = 2147483647;
			files = (
				6438515D2A192585004CAC1C /* CollageTests.swift in Sources */,
			);
			runOnlyForDeploymentPostprocessing = 0;
		};
		6438515E2A192585004CAC1C /* Sources */ = {
			isa = PBXSourcesBuildPhase;
			buildActionMask = 2147483647;
			files = (
				643851692A192585004CAC1C /* CollageUITestsLaunchTests.swift in Sources */,
				643851672A192585004CAC1C /* CollageUITests.swift in Sources */,
			);
			runOnlyForDeploymentPostprocessing = 0;
		};
/* End PBXSourcesBuildPhase section */

/* Begin PBXTargetDependency section */
		6438515A2A192585004CAC1C /* PBXTargetDependency */ = {
			isa = PBXTargetDependency;
			target = 643851472A192584004CAC1C /* Collage */;
			targetProxy = 643851592A192585004CAC1C /* PBXContainerItemProxy */;
		};
		643851642A192585004CAC1C /* PBXTargetDependency */ = {
			isa = PBXTargetDependency;
			target = 643851472A192584004CAC1C /* Collage */;
			targetProxy = 643851632A192585004CAC1C /* PBXContainerItemProxy */;
		};
/* End PBXTargetDependency section */

/* Begin XCBuildConfiguration section */
		6438516A2A192585004CAC1C /* Debug */ = {
			isa = XCBuildConfiguration;
			buildSettings = {
				ALWAYS_SEARCH_USER_PATHS = NO;
				CLANG_ANALYZER_NONNULL = YES;
				CLANG_ANALYZER_NUMBER_OBJECT_CONVERSION = YES_AGGRESSIVE;
				CLANG_CXX_LANGUAGE_STANDARD = "gnu++20";
				CLANG_ENABLE_MODULES = YES;
				CLANG_ENABLE_OBJC_ARC = YES;
				CLANG_ENABLE_OBJC_WEAK = YES;
				CLANG_WARN_BLOCK_CAPTURE_AUTORELEASING = YES;
				CLANG_WARN_BOOL_CONVERSION = YES;
				CLANG_WARN_COMMA = YES;
				CLANG_WARN_CONSTANT_CONVERSION = YES;
				CLANG_WARN_DEPRECATED_OBJC_IMPLEMENTATIONS = YES;
				CLANG_WARN_DIRECT_OBJC_ISA_USAGE = YES_ERROR;
				CLANG_WARN_DOCUMENTATION_COMMENTS = YES;
				CLANG_WARN_EMPTY_BODY = YES;
				CLANG_WARN_ENUM_CONVERSION = YES;
				CLANG_WARN_INFINITE_RECURSION = YES;
				CLANG_WARN_INT_CONVERSION = YES;
				CLANG_WARN_NON_LITERAL_NULL_CONVERSION = YES;
				CLANG_WARN_OBJC_IMPLICIT_RETAIN_SELF = YES;
				CLANG_WARN_OBJC_LITERAL_CONVERSION = YES;
				CLANG_WARN_OBJC_ROOT_CLASS = YES_ERROR;
				CLANG_WARN_QUOTED_INCLUDE_IN_FRAMEWORK_HEADER = YES;
				CLANG_WARN_RANGE_LOOP_ANALYSIS = YES;
				CLANG_WARN_STRICT_PROTOTYPES = YES;
				CLANG_WARN_SUSPICIOUS_MOVE = YES;
				CLANG_WARN_UNGUARDED_AVAILABILITY = YES_AGGRESSIVE;
				CLANG_WARN_UNREACHABLE_CODE = YES;
				CLANG_WARN__DUPLICATE_METHOD_MATCH = YES;
				COPY_PHASE_STRIP = NO;
				DEBUG_INFORMATION_FORMAT = dwarf;
				ENABLE_STRICT_OBJC_MSGSEND = YES;
				ENABLE_TESTABILITY = YES;
				GCC_C_LANGUAGE_STANDARD = gnu11;
				GCC_DYNAMIC_NO_PIC = NO;
				GCC_NO_COMMON_BLOCKS = YES;
				GCC_OPTIMIZATION_LEVEL = 0;
				GCC_PREPROCESSOR_DEFINITIONS = (
					"DEBUG=1",
					"$(inherited)",
				);
				GCC_WARN_64_TO_32_BIT_CONVERSION = YES;
				GCC_WARN_ABOUT_RETURN_TYPE = YES_ERROR;
				GCC_WARN_UNDECLARED_SELECTOR = YES;
				GCC_WARN_UNINITIALIZED_AUTOS = YES_AGGRESSIVE;
				GCC_WARN_UNUSED_FUNCTION = YES;
				GCC_WARN_UNUSED_VARIABLE = YES;
				IPHONEOS_DEPLOYMENT_TARGET = 16.4;
				MTL_ENABLE_DEBUG_INFO = INCLUDE_SOURCE;
				MTL_FAST_MATH = YES;
				ONLY_ACTIVE_ARCH = YES;
				SDKROOT = iphoneos;
				SWIFT_ACTIVE_COMPILATION_CONDITIONS = DEBUG;
				SWIFT_OPTIMIZATION_LEVEL = "-Onone";
			};
			name = Debug;
		};
		6438516B2A192585004CAC1C /* Release */ = {
			isa = XCBuildConfiguration;
			buildSettings = {
				ALWAYS_SEARCH_USER_PATHS = NO;
				CLANG_ANALYZER_NONNULL = YES;
				CLANG_ANALYZER_NUMBER_OBJECT_CONVERSION = YES_AGGRESSIVE;
				CLANG_CXX_LANGUAGE_STANDARD = "gnu++20";
				CLANG_ENABLE_MODULES = YES;
				CLANG_ENABLE_OBJC_ARC = YES;
				CLANG_ENABLE_OBJC_WEAK = YES;
				CLANG_WARN_BLOCK_CAPTURE_AUTORELEASING = YES;
				CLANG_WARN_BOOL_CONVERSION = YES;
				CLANG_WARN_COMMA = YES;
				CLANG_WARN_CONSTANT_CONVERSION = YES;
				CLANG_WARN_DEPRECATED_OBJC_IMPLEMENTATIONS = YES;
				CLANG_WARN_DIRECT_OBJC_ISA_USAGE = YES_ERROR;
				CLANG_WARN_DOCUMENTATION_COMMENTS = YES;
				CLANG_WARN_EMPTY_BODY = YES;
				CLANG_WARN_ENUM_CONVERSION = YES;
				CLANG_WARN_INFINITE_RECURSION = YES;
				CLANG_WARN_INT_CONVERSION = YES;
				CLANG_WARN_NON_LITERAL_NULL_CONVERSION = YES;
				CLANG_WARN_OBJC_IMPLICIT_RETAIN_SELF = YES;
				CLANG_WARN_OBJC_LITERAL_CONVERSION = YES;
				CLANG_WARN_OBJC_ROOT_CLASS = YES_ERROR;
				CLANG_WARN_QUOTED_INCLUDE_IN_FRAMEWORK_HEADER = YES;
				CLANG_WARN_RANGE_LOOP_ANALYSIS = YES;
				CLANG_WARN_STRICT_PROTOTYPES = YES;
				CLANG_WARN_SUSPICIOUS_MOVE = YES;
				CLANG_WARN_UNGUARDED_AVAILABILITY = YES_AGGRESSIVE;
				CLANG_WARN_UNREACHABLE_CODE = YES;
				CLANG_WARN__DUPLICATE_METHOD_MATCH = YES;
				COPY_PHASE_STRIP = NO;
				DEBUG_INFORMATION_FORMAT = "dwarf-with-dsym";
				ENABLE_NS_ASSERTIONS = NO;
				ENABLE_STRICT_OBJC_MSGSEND = YES;
				GCC_C_LANGUAGE_STANDARD = gnu11;
				GCC_NO_COMMON_BLOCKS = YES;
				GCC_WARN_64_TO_32_BIT_CONVERSION = YES;
				GCC_WARN_ABOUT_RETURN_TYPE = YES_ERROR;
				GCC_WARN_UNDECLARED_SELECTOR = YES;
				GCC_WARN_UNINITIALIZED_AUTOS = YES_AGGRESSIVE;
				GCC_WARN_UNUSED_FUNCTION = YES;
				GCC_WARN_UNUSED_VARIABLE = YES;
				IPHONEOS_DEPLOYMENT_TARGET = 16.4;
				MTL_ENABLE_DEBUG_INFO = NO;
				MTL_FAST_MATH = YES;
				SDKROOT = iphoneos;
				SWIFT_COMPILATION_MODE = wholemodule;
				SWIFT_OPTIMIZATION_LEVEL = "-O";
				VALIDATE_PRODUCT = YES;
			};
			name = Release;
		};
		6438516D2A192585004CAC1C /* Debug */ = {
			isa = XCBuildConfiguration;
			buildSettings = {
				ASSETCATALOG_COMPILER_APPICON_NAME = AppIcon;
				ASSETCATALOG_COMPILER_GLOBAL_ACCENT_COLOR_NAME = AccentColor;
				CODE_SIGN_STYLE = Automatic;
				CURRENT_PROJECT_VERSION = 1;
				DEVELOPMENT_ASSET_PATHS = "\"Collage/Preview Content\"";
				DEVELOPMENT_TEAM = FHN8RU94TU;
				ENABLE_PREVIEWS = YES;
				GENERATE_INFOPLIST_FILE = YES;
				INFOPLIST_KEY_UIApplicationSceneManifest_Generation = YES;
				INFOPLIST_KEY_UIApplicationSupportsIndirectInputEvents = YES;
				INFOPLIST_KEY_UILaunchScreen_Generation = YES;
				INFOPLIST_KEY_UISupportedInterfaceOrientations_iPad = "UIInterfaceOrientationPortrait UIInterfaceOrientationPortraitUpsideDown UIInterfaceOrientationLandscapeLeft UIInterfaceOrientationLandscapeRight";
				INFOPLIST_KEY_UISupportedInterfaceOrientations_iPhone = "UIInterfaceOrientationPortrait UIInterfaceOrientationLandscapeLeft UIInterfaceOrientationLandscapeRight";
				LD_RUNPATH_SEARCH_PATHS = (
					"$(inherited)",
					"@executable_path/Frameworks",
				);
				MARKETING_VERSION = 1.0;
				PRODUCT_BUNDLE_IDENTIFIER = swiftui.elements.com.Collage;
				PRODUCT_NAME = "$(TARGET_NAME)";
				SWIFT_EMIT_LOC_STRINGS = YES;
				SWIFT_VERSION = 5.0;
				TARGETED_DEVICE_FAMILY = "1,2";
			};
			name = Debug;
		};
		6438516E2A192585004CAC1C /* Release */ = {
			isa = XCBuildConfiguration;
			buildSettings = {
				ASSETCATALOG_COMPILER_APPICON_NAME = AppIcon;
				ASSETCATALOG_COMPILER_GLOBAL_ACCENT_COLOR_NAME = AccentColor;
				CODE_SIGN_STYLE = Automatic;
				CURRENT_PROJECT_VERSION = 1;
				DEVELOPMENT_ASSET_PATHS = "\"Collage/Preview Content\"";
				DEVELOPMENT_TEAM = FHN8RU94TU;
				ENABLE_PREVIEWS = YES;
				GENERATE_INFOPLIST_FILE = YES;
				INFOPLIST_KEY_UIApplicationSceneManifest_Generation = YES;
				INFOPLIST_KEY_UIApplicationSupportsIndirectInputEvents = YES;
				INFOPLIST_KEY_UILaunchScreen_Generation = YES;
				INFOPLIST_KEY_UISupportedInterfaceOrientations_iPad = "UIInterfaceOrientationPortrait UIInterfaceOrientationPortraitUpsideDown UIInterfaceOrientationLandscapeLeft UIInterfaceOrientationLandscapeRight";
				INFOPLIST_KEY_UISupportedInterfaceOrientations_iPhone = "UIInterfaceOrientationPortrait UIInterfaceOrientationLandscapeLeft UIInterfaceOrientationLandscapeRight";
				LD_RUNPATH_SEARCH_PATHS = (
					"$(inherited)",
					"@executable_path/Frameworks",
				);
				MARKETING_VERSION = 1.0;
				PRODUCT_BUNDLE_IDENTIFIER = swiftui.elements.com.Collage;
				PRODUCT_NAME = "$(TARGET_NAME)";
				SWIFT_EMIT_LOC_STRINGS = YES;
				SWIFT_VERSION = 5.0;
				TARGETED_DEVICE_FAMILY = "1,2";
			};
			name = Release;
		};
		643851702A192585004CAC1C /* Debug */ = {
			isa = XCBuildConfiguration;
			buildSettings = {
				ALWAYS_EMBED_SWIFT_STANDARD_LIBRARIES = YES;
				BUNDLE_LOADER = "$(TEST_HOST)";
				CODE_SIGN_STYLE = Automatic;
				CURRENT_PROJECT_VERSION = 1;
				DEVELOPMENT_TEAM = FHN8RU94TU;
				GENERATE_INFOPLIST_FILE = YES;
				IPHONEOS_DEPLOYMENT_TARGET = 16.4;
				MARKETING_VERSION = 1.0;
				PRODUCT_BUNDLE_IDENTIFIER = swiftui.elements.com.CollageTests;
				PRODUCT_NAME = "$(TARGET_NAME)";
				SWIFT_EMIT_LOC_STRINGS = NO;
				SWIFT_VERSION = 5.0;
				TARGETED_DEVICE_FAMILY = "1,2";
				TEST_HOST = "$(BUILT_PRODUCTS_DIR)/Collage.app/$(BUNDLE_EXECUTABLE_FOLDER_PATH)/Collage";
			};
			name = Debug;
		};
		643851712A192585004CAC1C /* Release */ = {
			isa = XCBuildConfiguration;
			buildSettings = {
				ALWAYS_EMBED_SWIFT_STANDARD_LIBRARIES = YES;
				BUNDLE_LOADER = "$(TEST_HOST)";
				CODE_SIGN_STYLE = Automatic;
				CURRENT_PROJECT_VERSION = 1;
				DEVELOPMENT_TEAM = FHN8RU94TU;
				GENERATE_INFOPLIST_FILE = YES;
				IPHONEOS_DEPLOYMENT_TARGET = 16.4;
				MARKETING_VERSION = 1.0;
				PRODUCT_BUNDLE_IDENTIFIER = swiftui.elements.com.CollageTests;
				PRODUCT_NAME = "$(TARGET_NAME)";
				SWIFT_EMIT_LOC_STRINGS = NO;
				SWIFT_VERSION = 5.0;
				TARGETED_DEVICE_FAMILY = "1,2";
				TEST_HOST = "$(BUILT_PRODUCTS_DIR)/Collage.app/$(BUNDLE_EXECUTABLE_FOLDER_PATH)/Collage";
			};
			name = Release;
		};
		643851732A192585004CAC1C /* Debug */ = {
			isa = XCBuildConfiguration;
			buildSettings = {
				ALWAYS_EMBED_SWIFT_STANDARD_LIBRARIES = YES;
				CODE_SIGN_STYLE = Automatic;
				CURRENT_PROJECT_VERSION = 1;
				DEVELOPMENT_TEAM = FHN8RU94TU;
				GENERATE_INFOPLIST_FILE = YES;
				MARKETING_VERSION = 1.0;
				PRODUCT_BUNDLE_IDENTIFIER = swiftui.elements.com.CollageUITests;
				PRODUCT_NAME = "$(TARGET_NAME)";
				SWIFT_EMIT_LOC_STRINGS = NO;
				SWIFT_VERSION = 5.0;
				TARGETED_DEVICE_FAMILY = "1,2";
				TEST_TARGET_NAME = Collage;
			};
			name = Debug;
		};
		643851742A192585004CAC1C /* Release */ = {
			isa = XCBuildConfiguration;
			buildSettings = {
				ALWAYS_EMBED_SWIFT_STANDARD_LIBRARIES = YES;
				CODE_SIGN_STYLE = Automatic;
				CURRENT_PROJECT_VERSION = 1;
				DEVELOPMENT_TEAM = FHN8RU94TU;
				GENERATE_INFOPLIST_FILE = YES;
				MARKETING_VERSION = 1.0;
				PRODUCT_BUNDLE_IDENTIFIER = swiftui.elements.com.CollageUITests;
				PRODUCT_NAME = "$(TARGET_NAME)";
				SWIFT_EMIT_LOC_STRINGS = NO;
				SWIFT_VERSION = 5.0;
				TARGETED_DEVICE_FAMILY = "1,2";
				TEST_TARGET_NAME = Collage;
			};
			name = Release;
		};
/* End XCBuildConfiguration section */

/* Begin XCConfigurationList section */
		643851432A192584004CAC1C /* Build configuration list for PBXProject "Collage" */ = {
			isa = XCConfigurationList;
			buildConfigurations = (
				6438516A2A192585004CAC1C /* Debug */,
				6438516B2A192585004CAC1C /* Release */,
			);
			defaultConfigurationIsVisible = 0;
			defaultConfigurationName = Release;
		};
		6438516C2A192585004CAC1C /* Build configuration list for PBXNativeTarget "Collage" */ = {
			isa = XCConfigurationList;
			buildConfigurations = (
				6438516D2A192585004CAC1C /* Debug */,
				6438516E2A192585004CAC1C /* Release */,
			);
			defaultConfigurationIsVisible = 0;
			defaultConfigurationName = Release;
		};
		6438516F2A192585004CAC1C /* Build configuration list for PBXNativeTarget "CollageTests" */ = {
			isa = XCConfigurationList;
			buildConfigurations = (
				643851702A192585004CAC1C /* Debug */,
				643851712A192585004CAC1C /* Release */,
			);
			defaultConfigurationIsVisible = 0;
			defaultConfigurationName = Release;
		};
		643851722A192585004CAC1C /* Build configuration list for PBXNativeTarget "CollageUITests" */ = {
			isa = XCConfigurationList;
			buildConfigurations = (
				643851732A192585004CAC1C /* Debug */,
				643851742A192585004CAC1C /* Release */,
			);
			defaultConfigurationIsVisible = 0;
			defaultConfigurationName = Release;
		};
/* End XCConfigurationList section */
	};
	rootObject = 643851402A192584004CAC1C /* Project object */;
}
