// !$*UTF8*$!
{
	archiveVersion = 1;
	classes = {
	};
	objectVersion = 56;
	objects = {

/* Begin PBXBuildFile section */
		27EA55A82AA93D7500BA757D /* Constants.swift in Sources */ = {isa = PBXBuildFile; fileRef = 27EA55A72AA93D7500BA757D /* Constants.swift */; };
		27EA55B22AAA298A00BA757D /* CollageUITests.swift in Sources */ = {isa = PBXBuildFile; fileRef = 27EA55B12AAA298A00BA757D /* CollageUITests.swift */; };
		27EA55BE2AAA2EDC00BA757D /* hitsList.json in Resources */ = {isa = PBXBuildFile; fileRef = 27EA55BD2AAA2EDC00BA757D /* hitsList.json */; };
		27EA55C12AAA347D00BA757D /* ImageLoaderMock.swift in Sources */ = {isa = PBXBuildFile; fileRef = 27EA55C02AAA347D00BA757D /* ImageLoaderMock.swift */; };
		27F479D62AAA42D800DDD4BF /* NetworkMonitor.swift in Sources */ = {isa = PBXBuildFile; fileRef = 27F479D52AAA42D800DDD4BF /* NetworkMonitor.swift */; };
		27F479D82AAA440000DDD4BF /* NetworkMonitorTests.swift in Sources */ = {isa = PBXBuildFile; fileRef = 27F479D72AAA440000DDD4BF /* NetworkMonitorTests.swift */; };
		27F479DA2AAA489D00DDD4BF /* NetworkMonitorMock.swift in Sources */ = {isa = PBXBuildFile; fileRef = 27F479D92AAA489D00DDD4BF /* NetworkMonitorMock.swift */; };
		27F479DE2AAA69DE00DDD4BF /* ConstantsTest.swift in Sources */ = {isa = PBXBuildFile; fileRef = 27F479DD2AAA69DE00DDD4BF /* ConstantsTest.swift */; };
		27F479E52AAA6D8400DDD4BF /* NetworkManagerMock.swift in Sources */ = {isa = PBXBuildFile; fileRef = 27F479E42AAA6D8400DDD4BF /* NetworkManagerMock.swift */; };
		6438514C2A192584004CAC1C /* CollageApp.swift in Sources */ = {isa = PBXBuildFile; fileRef = 6438514B2A192584004CAC1C /* CollageApp.swift */; };
		6438514E2A192584004CAC1C /* CollageView.swift in Sources */ = {isa = PBXBuildFile; fileRef = 6438514D2A192584004CAC1C /* CollageView.swift */; };
		643851502A192585004CAC1C /* Assets.xcassets in Resources */ = {isa = PBXBuildFile; fileRef = 6438514F2A192585004CAC1C /* Assets.xcassets */; };
		643851532A192585004CAC1C /* Preview Assets.xcassets in Resources */ = {isa = PBXBuildFile; fileRef = 643851522A192585004CAC1C /* Preview Assets.xcassets */; };
		6438515D2A192585004CAC1C /* CollageViewModelTests.swift in Sources */ = {isa = PBXBuildFile; fileRef = 6438515C2A192585004CAC1C /* CollageViewModelTests.swift */; };
		643851782A1A461A004CAC1C /* GridView.swift in Sources */ = {isa = PBXBuildFile; fileRef = 643851772A1A461A004CAC1C /* GridView.swift */; };
		6438517C2A1A462F004CAC1C /* GridCell.swift in Sources */ = {isa = PBXBuildFile; fileRef = 6438517B2A1A462F004CAC1C /* GridCell.swift */; };
		6438517F2A1A4646004CAC1C /* ImageLoader.swift in Sources */ = {isa = PBXBuildFile; fileRef = 6438517E2A1A4646004CAC1C /* ImageLoader.swift */; };
		643851822A1A46EB004CAC1C /* CollageViewModel.swift in Sources */ = {isa = PBXBuildFile; fileRef = 643851812A1A46EB004CAC1C /* CollageViewModel.swift */; };
		643851852A1A4972004CAC1C /* PixabayEnum.swift in Sources */ = {isa = PBXBuildFile; fileRef = 643851842A1A4972004CAC1C /* PixabayEnum.swift */; };
		643851872A1A4A77004CAC1C /* NetworkManager.swift in Sources */ = {isa = PBXBuildFile; fileRef = 643851862A1A4A77004CAC1C /* NetworkManager.swift */; };
		643851892A1A4AA5004CAC1C /* NetworkManagerTests.swift in Sources */ = {isa = PBXBuildFile; fileRef = 643851882A1A4AA5004CAC1C /* NetworkManagerTests.swift */; };
		6438518F2A1A4DE9004CAC1C /* PixabayResponse.swift in Sources */ = {isa = PBXBuildFile; fileRef = 6438518E2A1A4DE9004CAC1C /* PixabayResponse.swift */; };
		643851912A1A4E1E004CAC1C /* ImageHit.swift in Sources */ = {isa = PBXBuildFile; fileRef = 643851902A1A4E1E004CAC1C /* ImageHit.swift */; };
		643851932A1A4F13004CAC1C /* ImageLoaderTests.swift in Sources */ = {isa = PBXBuildFile; fileRef = 643851922A1A4F13004CAC1C /* ImageLoaderTests.swift */; };
/* End PBXBuildFile section */

/* Begin PBXContainerItemProxy section */
		27EA55B52AAA298A00BA757D /* PBXContainerItemProxy */ = {
			isa = PBXContainerItemProxy;
			containerPortal = 643851402A192584004CAC1C /* Project object */;
			proxyType = 1;
			remoteGlobalIDString = 643851472A192584004CAC1C;
			remoteInfo = Collage;
		};
		643851592A192585004CAC1C /* PBXContainerItemProxy */ = {
			isa = PBXContainerItemProxy;
			containerPortal = 643851402A192584004CAC1C /* Project object */;
			proxyType = 1;
			remoteGlobalIDString = 643851472A192584004CAC1C;
			remoteInfo = Collage;
		};
/* End PBXContainerItemProxy section */

/* Begin PBXFileReference section */
		27EA55A72AA93D7500BA757D /* Constants.swift */ = {isa = PBXFileReference; lastKnownFileType = sourcecode.swift; path = Constants.swift; sourceTree = "<group>"; };
		27EA55AF2AAA298A00BA757D /* CollageUITests.xctest */ = {isa = PBXFileReference; explicitFileType = wrapper.cfbundle; includeInIndex = 0; path = CollageUITests.xctest; sourceTree = BUILT_PRODUCTS_DIR; };
		27EA55B12AAA298A00BA757D /* CollageUITests.swift */ = {isa = PBXFileReference; lastKnownFileType = sourcecode.swift; path = CollageUITests.swift; sourceTree = "<group>"; };
		27EA55BD2AAA2EDC00BA757D /* hitsList.json */ = {isa = PBXFileReference; fileEncoding = 4; lastKnownFileType = text.json; path = hitsList.json; sourceTree = "<group>"; };
		27EA55C02AAA347D00BA757D /* ImageLoaderMock.swift */ = {isa = PBXFileReference; lastKnownFileType = sourcecode.swift; path = ImageLoaderMock.swift; sourceTree = "<group>"; };
		27F479D52AAA42D800DDD4BF /* NetworkMonitor.swift */ = {isa = PBXFileReference; lastKnownFileType = sourcecode.swift; path = NetworkMonitor.swift; sourceTree = "<group>"; };
		27F479D72AAA440000DDD4BF /* NetworkMonitorTests.swift */ = {isa = PBXFileReference; lastKnownFileType = sourcecode.swift; path = NetworkMonitorTests.swift; sourceTree = "<group>"; };
		27F479D92AAA489D00DDD4BF /* NetworkMonitorMock.swift */ = {isa = PBXFileReference; lastKnownFileType = sourcecode.swift; path = NetworkMonitorMock.swift; sourceTree = "<group>"; };
		27F479DD2AAA69DE00DDD4BF /* ConstantsTest.swift */ = {isa = PBXFileReference; lastKnownFileType = sourcecode.swift; path = ConstantsTest.swift; sourceTree = "<group>"; };
		27F479E42AAA6D8400DDD4BF /* NetworkManagerMock.swift */ = {isa = PBXFileReference; fileEncoding = 4; lastKnownFileType = sourcecode.swift; path = NetworkManagerMock.swift; sourceTree = "<group>"; };
		643851482A192584004CAC1C /* Collage.app */ = {isa = PBXFileReference; explicitFileType = wrapper.application; includeInIndex = 0; path = Collage.app; sourceTree = BUILT_PRODUCTS_DIR; };
		6438514B2A192584004CAC1C /* CollageApp.swift */ = {isa = PBXFileReference; lastKnownFileType = sourcecode.swift; path = CollageApp.swift; sourceTree = "<group>"; };
		6438514D2A192584004CAC1C /* CollageView.swift */ = {isa = PBXFileReference; lastKnownFileType = sourcecode.swift; path = CollageView.swift; sourceTree = "<group>"; };
		6438514F2A192585004CAC1C /* Assets.xcassets */ = {isa = PBXFileReference; lastKnownFileType = folder.assetcatalog; path = Assets.xcassets; sourceTree = "<group>"; };
		643851522A192585004CAC1C /* Preview Assets.xcassets */ = {isa = PBXFileReference; lastKnownFileType = folder.assetcatalog; path = "Preview Assets.xcassets"; sourceTree = "<group>"; };
		643851582A192585004CAC1C /* CollageTests.xctest */ = {isa = PBXFileReference; explicitFileType = wrapper.cfbundle; includeInIndex = 0; path = CollageTests.xctest; sourceTree = BUILT_PRODUCTS_DIR; };
		6438515C2A192585004CAC1C /* CollageViewModelTests.swift */ = {isa = PBXFileReference; lastKnownFileType = sourcecode.swift; path = CollageViewModelTests.swift; sourceTree = "<group>"; };
		643851772A1A461A004CAC1C /* GridView.swift */ = {isa = PBXFileReference; lastKnownFileType = sourcecode.swift; path = GridView.swift; sourceTree = "<group>"; };
		6438517B2A1A462F004CAC1C /* GridCell.swift */ = {isa = PBXFileReference; lastKnownFileType = sourcecode.swift; path = GridCell.swift; sourceTree = "<group>"; };
		6438517E2A1A4646004CAC1C /* ImageLoader.swift */ = {isa = PBXFileReference; lastKnownFileType = sourcecode.swift; path = ImageLoader.swift; sourceTree = "<group>"; };
		643851812A1A46EB004CAC1C /* CollageViewModel.swift */ = {isa = PBXFileReference; lastKnownFileType = sourcecode.swift; path = CollageViewModel.swift; sourceTree = "<group>"; };
		643851842A1A4972004CAC1C /* PixabayEnum.swift */ = {isa = PBXFileReference; lastKnownFileType = sourcecode.swift; path = PixabayEnum.swift; sourceTree = "<group>"; };
		643851862A1A4A77004CAC1C /* NetworkManager.swift */ = {isa = PBXFileReference; lastKnownFileType = sourcecode.swift; path = NetworkManager.swift; sourceTree = "<group>"; };
		643851882A1A4AA5004CAC1C /* NetworkManagerTests.swift */ = {isa = PBXFileReference; lastKnownFileType = sourcecode.swift; path = NetworkManagerTests.swift; sourceTree = "<group>"; };
		6438518E2A1A4DE9004CAC1C /* PixabayResponse.swift */ = {isa = PBXFileReference; lastKnownFileType = sourcecode.swift; path = PixabayResponse.swift; sourceTree = "<group>"; };
		643851902A1A4E1E004CAC1C /* ImageHit.swift */ = {isa = PBXFileReference; lastKnownFileType = sourcecode.swift; path = ImageHit.swift; sourceTree = "<group>"; };
		643851922A1A4F13004CAC1C /* ImageLoaderTests.swift */ = {isa = PBXFileReference; lastKnownFileType = sourcecode.swift; path = ImageLoaderTests.swift; sourceTree = "<group>"; };
/* End PBXFileReference section */

/* Begin PBXFrameworksBuildPhase section */
		27EA55AC2AAA298A00BA757D /* Frameworks */ = {
			isa = PBXFrameworksBuildPhase;
			buildActionMask = 2147483647;
			files = (
			);
			runOnlyForDeploymentPostprocessing = 0;
		};
		643851452A192584004CAC1C /* Frameworks */ = {
			isa = PBXFrameworksBuildPhase;
			buildActionMask = 2147483647;
			files = (
			);
			runOnlyForDeploymentPostprocessing = 0;
		};
		643851552A192585004CAC1C /* Frameworks */ = {
			isa = PBXFrameworksBuildPhase;
			buildActionMask = 2147483647;
			files = (
			);
			runOnlyForDeploymentPostprocessing = 0;
		};
/* End PBXFrameworksBuildPhase section */

/* Begin PBXGroup section */
		27EA55B02AAA298A00BA757D /* CollageUITests */ = {
			isa = PBXGroup;
			children = (
				27EA55B12AAA298A00BA757D /* CollageUITests.swift */,
			);
			path = CollageUITests;
			sourceTree = "<group>";
		};
		27EA55BA2AAA2E9D00BA757D /* Mocks */ = {
			isa = PBXGroup;
			children = (
				27F479E42AAA6D8400DDD4BF /* NetworkManagerMock.swift */,
				27EA55BD2AAA2EDC00BA757D /* hitsList.json */,
				27EA55C02AAA347D00BA757D /* ImageLoaderMock.swift */,
				27F479D92AAA489D00DDD4BF /* NetworkMonitorMock.swift */,
			);
			path = Mocks;
			sourceTree = "<group>";
		};
		27EA55BF2AAA2F8800BA757D /* Networking */ = {
			isa = PBXGroup;
			children = (
				27EA55BA2AAA2E9D00BA757D /* Mocks */,
				6438517E2A1A4646004CAC1C /* ImageLoader.swift */,
				643851862A1A4A77004CAC1C /* NetworkManager.swift */,
				27F479D52AAA42D800DDD4BF /* NetworkMonitor.swift */,
			);
			path = Networking;
			sourceTree = "<group>";
		};
		6438513F2A192584004CAC1C = {
			isa = PBXGroup;
			children = (
				6438514A2A192584004CAC1C /* Collage */,
				6438515B2A192585004CAC1C /* CollageTests */,
				27EA55B02AAA298A00BA757D /* CollageUITests */,
				643851492A192584004CAC1C /* Products */,
			);
			sourceTree = "<group>";
		};
		643851492A192584004CAC1C /* Products */ = {
			isa = PBXGroup;
			children = (
				643851482A192584004CAC1C /* Collage.app */,
				643851582A192585004CAC1C /* CollageTests.xctest */,
				27EA55AF2AAA298A00BA757D /* CollageUITests.xctest */,
			);
			name = Products;
			sourceTree = "<group>";
		};
		6438514A2A192584004CAC1C /* Collage */ = {
			isa = PBXGroup;
			children = (
				6438518C2A1A4DD2004CAC1C /* Models */,
				643851832A1A4964004CAC1C /* Constants */,
				643851802A1A4658004CAC1C /* App */,
				6438517D2A1A4637004CAC1C /* Subsystem */,
				643851762A1A460A004CAC1C /* Views */,
				643851752A1A4601004CAC1C /* ViewModel */,
				6438514F2A192585004CAC1C /* Assets.xcassets */,
				643851512A192585004CAC1C /* Preview Content */,
			);
			path = Collage;
			sourceTree = "<group>";
		};
		643851512A192585004CAC1C /* Preview Content */ = {
			isa = PBXGroup;
			children = (
				643851522A192585004CAC1C /* Preview Assets.xcassets */,
			);
			path = "Preview Content";
			sourceTree = "<group>";
		};
		6438515B2A192585004CAC1C /* CollageTests */ = {
			isa = PBXGroup;
			children = (
				6438515C2A192585004CAC1C /* CollageViewModelTests.swift */,
				643851882A1A4AA5004CAC1C /* NetworkManagerTests.swift */,
				643851922A1A4F13004CAC1C /* ImageLoaderTests.swift */,
				27F479D72AAA440000DDD4BF /* NetworkMonitorTests.swift */,
				27F479DD2AAA69DE00DDD4BF /* ConstantsTest.swift */,
			);
			path = CollageTests;
			sourceTree = "<group>";
		};
		643851752A1A4601004CAC1C /* ViewModel */ = {
			isa = PBXGroup;
			children = (
				643851812A1A46EB004CAC1C /* CollageViewModel.swift */,
			);
			path = ViewModel;
			sourceTree = "<group>";
		};
		643851762A1A460A004CAC1C /* Views */ = {
			isa = PBXGroup;
			children = (
				6438514D2A192584004CAC1C /* CollageView.swift */,
				643851772A1A461A004CAC1C /* GridView.swift */,
				6438517B2A1A462F004CAC1C /* GridCell.swift */,
			);
			path = Views;
			sourceTree = "<group>";
		};
		6438517D2A1A4637004CAC1C /* Subsystem */ = {
			isa = PBXGroup;
			children = (
				27EA55BF2AAA2F8800BA757D /* Networking */,
			);
			path = Subsystem;
			sourceTree = "<group>";
		};
		643851802A1A4658004CAC1C /* App */ = {
			isa = PBXGroup;
			children = (
				6438514B2A192584004CAC1C /* CollageApp.swift */,
			);
			path = App;
			sourceTree = "<group>";
		};
		643851832A1A4964004CAC1C /* Constants */ = {
			isa = PBXGroup;
			children = (
				643851842A1A4972004CAC1C /* PixabayEnum.swift */,
				27EA55A72AA93D7500BA757D /* Constants.swift */,
			);
			path = Constants;
			sourceTree = "<group>";
		};
		6438518C2A1A4DD2004CAC1C /* Models */ = {
			isa = PBXGroup;
			children = (
				6438518E2A1A4DE9004CAC1C /* PixabayResponse.swift */,
				643851902A1A4E1E004CAC1C /* ImageHit.swift */,
			);
			path = Models;
			sourceTree = "<group>";
		};
/* End PBXGroup section */

/* Begin PBXNativeTarget section */
		27EA55AE2AAA298A00BA757D /* CollageUITests */ = {
			isa = PBXNativeTarget;
			buildConfigurationList = 27EA55B72AAA298A00BA757D /* Build configuration list for PBXNativeTarget "CollageUITests" */;
			buildPhases = (
				27EA55AB2AAA298A00BA757D /* Sources */,
				27EA55AC2AAA298A00BA757D /* Frameworks */,
				27EA55AD2AAA298A00BA757D /* Resources */,
			);
			buildRules = (
			);
			dependencies = (
				27EA55B62AAA298A00BA757D /* PBXTargetDependency */,
			);
			name = CollageUITests;
			productName = CollageUITests;
			productReference = 27EA55AF2AAA298A00BA757D /* CollageUITests.xctest */;
			productType = "com.apple.product-type.bundle.ui-testing";
		};
		643851472A192584004CAC1C /* Collage */ = {
			isa = PBXNativeTarget;
			buildConfigurationList = 6438516C2A192585004CAC1C /* Build configuration list for PBXNativeTarget "Collage" */;
			buildPhases = (
				643851442A192584004CAC1C /* Sources */,
				643851452A192584004CAC1C /* Frameworks */,
				643851462A192584004CAC1C /* Resources */,
			);
			buildRules = (
			);
			dependencies = (
			);
			name = Collage;
			productName = Collage;
			productReference = 643851482A192584004CAC1C /* Collage.app */;
			productType = "com.apple.product-type.application";
		};
		643851572A192585004CAC1C /* CollageTests */ = {
			isa = PBXNativeTarget;
			buildConfigurationList = 6438516F2A192585004CAC1C /* Build configuration list for PBXNativeTarget "CollageTests" */;
			buildPhases = (
				643851542A192585004CAC1C /* Sources */,
				643851552A192585004CAC1C /* Frameworks */,
				643851562A192585004CAC1C /* Resources */,
			);
			buildRules = (
			);
			dependencies = (
				6438515A2A192585004CAC1C /* PBXTargetDependency */,
			);
			name = CollageTests;
			productName = CollageTests;
			productReference = 643851582A192585004CAC1C /* CollageTests.xctest */;
			productType = "com.apple.product-type.bundle.unit-test";
		};
/* End PBXNativeTarget section */

/* Begin PBXProject section */
		643851402A192584004CAC1C /* Project object */ = {
			isa = PBXProject;
			attributes = {
				BuildIndependentTargetsInParallel = 1;
				LastSwiftUpdateCheck = 1430;
				LastUpgradeCheck = 1430;
				TargetAttributes = {
					27EA55AE2AAA298A00BA757D = {
						CreatedOnToolsVersion = 14.3;
						TestTargetID = 643851472A192584004CAC1C;
					};
					643851472A192584004CAC1C = {
						CreatedOnToolsVersion = 14.3;
					};
					643851572A192585004CAC1C = {
						CreatedOnToolsVersion = 14.3;
						TestTargetID = 643851472A192584004CAC1C;
					};
				};
			};
			buildConfigurationList = 643851432A192584004CAC1C /* Build configuration list for PBXProject "Collage" */;
			compatibilityVersion = "Xcode 14.0";
			developmentRegion = en;
			hasScannedForEncodings = 0;
			knownRegions = (
				en,
				Base,
			);
			mainGroup = 6438513F2A192584004CAC1C;
			productRefGroup = 643851492A192584004CAC1C /* Products */;
			projectDirPath = "";
			projectRoot = "";
			targets = (
				643851472A192584004CAC1C /* Collage */,
				643851572A192585004CAC1C /* CollageTests */,
				27EA55AE2AAA298A00BA757D /* CollageUITests */,
			);
		};
/* End PBXProject section */

/* Begin PBXResourcesBuildPhase section */
		27EA55AD2AAA298A00BA757D /* Resources */ = {
			isa = PBXResourcesBuildPhase;
			buildActionMask = 2147483647;
			files = (
			);
			runOnlyForDeploymentPostprocessing = 0;
		};
		643851462A192584004CAC1C /* Resources */ = {
			isa = PBXResourcesBuildPhase;
			buildActionMask = 2147483647;
			files = (
				643851532A192585004CAC1C /* Preview Assets.xcassets in Resources */,
				27EA55BE2AAA2EDC00BA757D /* hitsList.json in Resources */,
				643851502A192585004CAC1C /* Assets.xcassets in Resources */,
			);
			runOnlyForDeploymentPostprocessing = 0;
		};
		643851562A192585004CAC1C /* Resources */ = {
			isa = PBXResourcesBuildPhase;
			buildActionMask = 2147483647;
			files = (
			);
			runOnlyForDeploymentPostprocessing = 0;
		};
/* End PBXResourcesBuildPhase section */

/* Begin PBXSourcesBuildPhase section */
		27EA55AB2AAA298A00BA757D /* Sources */ = {
			isa = PBXSourcesBuildPhase;
			buildActionMask = 2147483647;
			files = (
				27EA55B22AAA298A00BA757D /* CollageUITests.swift in Sources */,
			);
			runOnlyForDeploymentPostprocessing = 0;
		};
		643851442A192584004CAC1C /* Sources */ = {
			isa = PBXSourcesBuildPhase;
			buildActionMask = 2147483647;
			files = (
				643851912A1A4E1E004CAC1C /* ImageHit.swift in Sources */,
				27F479DA2AAA489D00DDD4BF /* NetworkMonitorMock.swift in Sources */,
				27F479E52AAA6D8400DDD4BF /* NetworkManagerMock.swift in Sources */,
				643851822A1A46EB004CAC1C /* CollageViewModel.swift in Sources */,
				6438514E2A192584004CAC1C /* CollageView.swift in Sources */,
				643851782A1A461A004CAC1C /* GridView.swift in Sources */,
				6438517F2A1A4646004CAC1C /* ImageLoader.swift in Sources */,
				27EA55C12AAA347D00BA757D /* ImageLoaderMock.swift in Sources */,
				27F479D62AAA42D800DDD4BF /* NetworkMonitor.swift in Sources */,
				6438518F2A1A4DE9004CAC1C /* PixabayResponse.swift in Sources */,
				643851872A1A4A77004CAC1C /* NetworkManager.swift in Sources */,
				6438514C2A192584004CAC1C /* CollageApp.swift in Sources */,
				6438517C2A1A462F004CAC1C /* GridCell.swift in Sources */,
				643851852A1A4972004CAC1C /* PixabayEnum.swift in Sources */,
				27EA55A82AA93D7500BA757D /* Constants.swift in Sources */,
			);
			runOnlyForDeploymentPostprocessing = 0;
		};
		643851542A192585004CAC1C /* Sources */ = {
			isa = PBXSourcesBuildPhase;
			buildActionMask = 2147483647;
			files = (
				643851892A1A4AA5004CAC1C /* NetworkManagerTests.swift in Sources */,
				27F479D82AAA440000DDD4BF /* NetworkMonitorTests.swift in Sources */,
				6438515D2A192585004CAC1C /* CollageViewModelTests.swift in Sources */,
				27F479DE2AAA69DE00DDD4BF /* ConstantsTest.swift in Sources */,
				643851932A1A4F13004CAC1C /* ImageLoaderTests.swift in Sources */,
			);
			runOnlyForDeploymentPostprocessing = 0;
		};
/* End PBXSourcesBuildPhase section */

/* Begin PBXTargetDependency section */
		27EA55B62AAA298A00BA757D /* PBXTargetDependency */ = {
			isa = PBXTargetDependency;
			target = 643851472A192584004CAC1C /* Collage */;
			targetProxy = 27EA55B52AAA298A00BA757D /* PBXContainerItemProxy */;
		};
		6438515A2A192585004CAC1C /* PBXTargetDependency */ = {
			isa = PBXTargetDependency;
			target = 643851472A192584004CAC1C /* Collage */;
			targetProxy = 643851592A192585004CAC1C /* PBXContainerItemProxy */;
		};
/* End PBXTargetDependency section */

/* Begin XCBuildConfiguration section */
		27EA55B82AAA298A00BA757D /* Debug */ = {
			isa = XCBuildConfiguration;
			buildSettings = {
				CODE_SIGN_STYLE = Automatic;
				CURRENT_PROJECT_VERSION = 1;
				DEVELOPMENT_TEAM = 4HCHD8M9RP;
				GENERATE_INFOPLIST_FILE = YES;
				MARKETING_VERSION = 1.0;
				PRODUCT_BUNDLE_IDENTIFIER = pixabay.app.com.CollageUITests;
				PRODUCT_NAME = "$(TARGET_NAME)";
				SWIFT_EMIT_LOC_STRINGS = NO;
				SWIFT_VERSION = 5.0;
				TARGETED_DEVICE_FAMILY = "1,2";
				TEST_TARGET_NAME = Collage;
			};
			name = Debug;
		};
		27EA55B92AAA298A00BA757D /* Release */ = {
			isa = XCBuildConfiguration;
			buildSettings = {
				CODE_SIGN_STYLE = Automatic;
				CURRENT_PROJECT_VERSION = 1;
				DEVELOPMENT_TEAM = 4HCHD8M9RP;
				GENERATE_INFOPLIST_FILE = YES;
				MARKETING_VERSION = 1.0;
				PRODUCT_BUNDLE_IDENTIFIER = pixabay.app.com.CollageUITests;
				PRODUCT_NAME = "$(TARGET_NAME)";
				SWIFT_EMIT_LOC_STRINGS = NO;
				SWIFT_VERSION = 5.0;
				TARGETED_DEVICE_FAMILY = "1,2";
				TEST_TARGET_NAME = Collage;
			};
			name = Release;
		};
		6438516A2A192585004CAC1C /* Debug */ = {
			isa = XCBuildConfiguration;
			buildSettings = {
				ALWAYS_SEARCH_USER_PATHS = NO;
				CLANG_ANALYZER_NONNULL = YES;
				CLANG_ANALYZER_NUMBER_OBJECT_CONVERSION = YES_AGGRESSIVE;
				CLANG_CXX_LANGUAGE_STANDARD = "gnu++20";
				CLANG_ENABLE_MODULES = YES;
				CLANG_ENABLE_OBJC_ARC = YES;
				CLANG_ENABLE_OBJC_WEAK = YES;
				CLANG_WARN_BLOCK_CAPTURE_AUTORELEASING = YES;
				CLANG_WARN_BOOL_CONVERSION = YES;
				CLANG_WARN_COMMA = YES;
				CLANG_WARN_CONSTANT_CONVERSION = YES;
				CLANG_WARN_DEPRECATED_OBJC_IMPLEMENTATIONS = YES;
				CLANG_WARN_DIRECT_OBJC_ISA_USAGE = YES_ERROR;
				CLANG_WARN_DOCUMENTATION_COMMENTS = YES;
				CLANG_WARN_EMPTY_BODY = YES;
				CLANG_WARN_ENUM_CONVERSION = YES;
				CLANG_WARN_INFINITE_RECURSION = YES;
				CLANG_WARN_INT_CONVERSION = YES;
				CLANG_WARN_NON_LITERAL_NULL_CONVERSION = YES;
				CLANG_WARN_OBJC_IMPLICIT_RETAIN_SELF = YES;
				CLANG_WARN_OBJC_LITERAL_CONVERSION = YES;
				CLANG_WARN_OBJC_ROOT_CLASS = YES_ERROR;
				CLANG_WARN_QUOTED_INCLUDE_IN_FRAMEWORK_HEADER = YES;
				CLANG_WARN_RANGE_LOOP_ANALYSIS = YES;
				CLANG_WARN_STRICT_PROTOTYPES = YES;
				CLANG_WARN_SUSPICIOUS_MOVE = YES;
				CLANG_WARN_UNGUARDED_AVAILABILITY = YES_AGGRESSIVE;
				CLANG_WARN_UNREACHABLE_CODE = YES;
				CLANG_WARN__DUPLICATE_METHOD_MATCH = YES;
				COPY_PHASE_STRIP = NO;
				DEBUG_INFORMATION_FORMAT = dwarf;
				ENABLE_STRICT_OBJC_MSGSEND = YES;
				ENABLE_TESTABILITY = YES;
				GCC_C_LANGUAGE_STANDARD = gnu11;
				GCC_DYNAMIC_NO_PIC = NO;
				GCC_NO_COMMON_BLOCKS = YES;
				GCC_OPTIMIZATION_LEVEL = 0;
				GCC_PREPROCESSOR_DEFINITIONS = (
					"DEBUG=1",
					"$(inherited)",
				);
				GCC_WARN_64_TO_32_BIT_CONVERSION = YES;
				GCC_WARN_ABOUT_RETURN_TYPE = YES_ERROR;
				GCC_WARN_UNDECLARED_SELECTOR = YES;
				GCC_WARN_UNINITIALIZED_AUTOS = YES_AGGRESSIVE;
				GCC_WARN_UNUSED_FUNCTION = YES;
				GCC_WARN_UNUSED_VARIABLE = YES;
				IPHONEOS_DEPLOYMENT_TARGET = 16.4;
				MTL_ENABLE_DEBUG_INFO = INCLUDE_SOURCE;
				MTL_FAST_MATH = YES;
				ONLY_ACTIVE_ARCH = YES;
				SDKROOT = iphoneos;
				SWIFT_ACTIVE_COMPILATION_CONDITIONS = DEBUG;
				SWIFT_OPTIMIZATION_LEVEL = "-Onone";
			};
			name = Debug;
		};
		6438516B2A192585004CAC1C /* Release */ = {
			isa = XCBuildConfiguration;
			buildSettings = {
				ALWAYS_SEARCH_USER_PATHS = NO;
				CLANG_ANALYZER_NONNULL = YES;
				CLANG_ANALYZER_NUMBER_OBJECT_CONVERSION = YES_AGGRESSIVE;
				CLANG_CXX_LANGUAGE_STANDARD = "gnu++20";
				CLANG_ENABLE_MODULES = YES;
				CLANG_ENABLE_OBJC_ARC = YES;
				CLANG_ENABLE_OBJC_WEAK = YES;
				CLANG_WARN_BLOCK_CAPTURE_AUTORELEASING = YES;
				CLANG_WARN_BOOL_CONVERSION = YES;
				CLANG_WARN_COMMA = YES;
				CLANG_WARN_CONSTANT_CONVERSION = YES;
				CLANG_WARN_DEPRECATED_OBJC_IMPLEMENTATIONS = YES;
				CLANG_WARN_DIRECT_OBJC_ISA_USAGE = YES_ERROR;
				CLANG_WARN_DOCUMENTATION_COMMENTS = YES;
				CLANG_WARN_EMPTY_BODY = YES;
				CLANG_WARN_ENUM_CONVERSION = YES;
				CLANG_WARN_INFINITE_RECURSION = YES;
				CLANG_WARN_INT_CONVERSION = YES;
				CLANG_WARN_NON_LITERAL_NULL_CONVERSION = YES;
				CLANG_WARN_OBJC_IMPLICIT_RETAIN_SELF = YES;
				CLANG_WARN_OBJC_LITERAL_CONVERSION = YES;
				CLANG_WARN_OBJC_ROOT_CLASS = YES_ERROR;
				CLANG_WARN_QUOTED_INCLUDE_IN_FRAMEWORK_HEADER = YES;
				CLANG_WARN_RANGE_LOOP_ANALYSIS = YES;
				CLANG_WARN_STRICT_PROTOTYPES = YES;
				CLANG_WARN_SUSPICIOUS_MOVE = YES;
				CLANG_WARN_UNGUARDED_AVAILABILITY = YES_AGGRESSIVE;
				CLANG_WARN_UNREACHABLE_CODE = YES;
				CLANG_WARN__DUPLICATE_METHOD_MATCH = YES;
				COPY_PHASE_STRIP = NO;
				DEBUG_INFORMATION_FORMAT = "dwarf-with-dsym";
				ENABLE_NS_ASSERTIONS = NO;
				ENABLE_STRICT_OBJC_MSGSEND = YES;
				GCC_C_LANGUAGE_STANDARD = gnu11;
				GCC_NO_COMMON_BLOCKS = YES;
				GCC_WARN_64_TO_32_BIT_CONVERSION = YES;
				GCC_WARN_ABOUT_RETURN_TYPE = YES_ERROR;
				GCC_WARN_UNDECLARED_SELECTOR = YES;
				GCC_WARN_UNINITIALIZED_AUTOS = YES_AGGRESSIVE;
				GCC_WARN_UNUSED_FUNCTION = YES;
				GCC_WARN_UNUSED_VARIABLE = YES;
				IPHONEOS_DEPLOYMENT_TARGET = 16.4;
				MTL_ENABLE_DEBUG_INFO = NO;
				MTL_FAST_MATH = YES;
				SDKROOT = iphoneos;
				SWIFT_COMPILATION_MODE = wholemodule;
				SWIFT_OPTIMIZATION_LEVEL = "-O";
				VALIDATE_PRODUCT = YES;
			};
			name = Release;
		};
		6438516D2A192585004CAC1C /* Debug */ = {
			isa = XCBuildConfiguration;
			buildSettings = {
				ASSETCATALOG_COMPILER_APPICON_NAME = AppIcon;
				ASSETCATALOG_COMPILER_GLOBAL_ACCENT_COLOR_NAME = AccentColor;
				CODE_SIGN_STYLE = Automatic;
				CURRENT_PROJECT_VERSION = 1;
				DEVELOPMENT_ASSET_PATHS = "\"Collage/Preview Content\"";
				DEVELOPMENT_TEAM = FHN8RU94TU;
				ENABLE_PREVIEWS = YES;
				GENERATE_INFOPLIST_FILE = YES;
				INFOPLIST_KEY_UIApplicationSceneManifest_Generation = YES;
				INFOPLIST_KEY_UIApplicationSupportsIndirectInputEvents = YES;
				INFOPLIST_KEY_UILaunchScreen_Generation = YES;
				INFOPLIST_KEY_UISupportedInterfaceOrientations_iPad = "UIInterfaceOrientationPortrait UIInterfaceOrientationPortraitUpsideDown UIInterfaceOrientationLandscapeLeft UIInterfaceOrientationLandscapeRight";
				INFOPLIST_KEY_UISupportedInterfaceOrientations_iPhone = "UIInterfaceOrientationPortrait UIInterfaceOrientationLandscapeLeft UIInterfaceOrientationLandscapeRight";
				LD_RUNPATH_SEARCH_PATHS = (
					"$(inherited)",
					"@executable_path/Frameworks",
				);
				MARKETING_VERSION = 1.0;
				PRODUCT_BUNDLE_IDENTIFIER = swiftui.elements.com.Collage;
				PRODUCT_NAME = "$(TARGET_NAME)";
				SWIFT_EMIT_LOC_STRINGS = YES;
				SWIFT_VERSION = 5.0;
				TARGETED_DEVICE_FAMILY = "1,2";
			};
			name = Debug;
		};
		6438516E2A192585004CAC1C /* Release */ = {
			isa = XCBuildConfiguration;
			buildSettings = {
				ASSETCATALOG_COMPILER_APPICON_NAME = AppIcon;
				ASSETCATALOG_COMPILER_GLOBAL_ACCENT_COLOR_NAME = AccentColor;
				CODE_SIGN_STYLE = Automatic;
				CURRENT_PROJECT_VERSION = 1;
				DEVELOPMENT_ASSET_PATHS = "\"Collage/Preview Content\"";
				DEVELOPMENT_TEAM = FHN8RU94TU;
				ENABLE_PREVIEWS = YES;
				GENERATE_INFOPLIST_FILE = YES;
				INFOPLIST_KEY_UIApplicationSceneManifest_Generation = YES;
				INFOPLIST_KEY_UIApplicationSupportsIndirectInputEvents = YES;
				INFOPLIST_KEY_UILaunchScreen_Generation = YES;
				INFOPLIST_KEY_UISupportedInterfaceOrientations_iPad = "UIInterfaceOrientationPortrait UIInterfaceOrientationPortraitUpsideDown UIInterfaceOrientationLandscapeLeft UIInterfaceOrientationLandscapeRight";
				INFOPLIST_KEY_UISupportedInterfaceOrientations_iPhone = "UIInterfaceOrientationPortrait UIInterfaceOrientationLandscapeLeft UIInterfaceOrientationLandscapeRight";
				LD_RUNPATH_SEARCH_PATHS = (
					"$(inherited)",
					"@executable_path/Frameworks",
				);
				MARKETING_VERSION = 1.0;
				PRODUCT_BUNDLE_IDENTIFIER = swiftui.elements.com.Collage;
				PRODUCT_NAME = "$(TARGET_NAME)";
				SWIFT_EMIT_LOC_STRINGS = YES;
				SWIFT_VERSION = 5.0;
				TARGETED_DEVICE_FAMILY = "1,2";
			};
			name = Release;
		};
		643851702A192585004CAC1C /* Debug */ = {
			isa = XCBuildConfiguration;
			buildSettings = {
				ALWAYS_EMBED_SWIFT_STANDARD_LIBRARIES = YES;
				BUNDLE_LOADER = "$(TEST_HOST)";
				CODE_SIGN_STYLE = Automatic;
				CURRENT_PROJECT_VERSION = 1;
				DEVELOPMENT_TEAM = FHN8RU94TU;
				GENERATE_INFOPLIST_FILE = YES;
				IPHONEOS_DEPLOYMENT_TARGET = 16.4;
				MARKETING_VERSION = 1.0;
				PRODUCT_BUNDLE_IDENTIFIER = swiftui.elements.com.CollageTests;
				PRODUCT_NAME = "$(TARGET_NAME)";
				SWIFT_EMIT_LOC_STRINGS = NO;
				SWIFT_VERSION = 5.0;
				TARGETED_DEVICE_FAMILY = "1,2";
				TEST_HOST = "$(BUILT_PRODUCTS_DIR)/Collage.app/$(BUNDLE_EXECUTABLE_FOLDER_PATH)/Collage";
			};
			name = Debug;
		};
		643851712A192585004CAC1C /* Release */ = {
			isa = XCBuildConfiguration;
			buildSettings = {
				ALWAYS_EMBED_SWIFT_STANDARD_LIBRARIES = YES;
				BUNDLE_LOADER = "$(TEST_HOST)";
				CODE_SIGN_STYLE = Automatic;
				CURRENT_PROJECT_VERSION = 1;
				DEVELOPMENT_TEAM = FHN8RU94TU;
				GENERATE_INFOPLIST_FILE = YES;
				IPHONEOS_DEPLOYMENT_TARGET = 16.4;
				MARKETING_VERSION = 1.0;
				PRODUCT_BUNDLE_IDENTIFIER = swiftui.elements.com.CollageTests;
				PRODUCT_NAME = "$(TARGET_NAME)";
				SWIFT_EMIT_LOC_STRINGS = NO;
				SWIFT_VERSION = 5.0;
				TARGETED_DEVICE_FAMILY = "1,2";
				TEST_HOST = "$(BUILT_PRODUCTS_DIR)/Collage.app/$(BUNDLE_EXECUTABLE_FOLDER_PATH)/Collage";
			};
			name = Release;
		};
/* End XCBuildConfiguration section */

/* Begin XCConfigurationList section */
		27EA55B72AAA298A00BA757D /* Build configuration list for PBXNativeTarget "CollageUITests" */ = {
			isa = XCConfigurationList;
			buildConfigurations = (
				27EA55B82AAA298A00BA757D /* Debug */,
				27EA55B92AAA298A00BA757D /* Release */,
			);
			defaultConfigurationIsVisible = 0;
			defaultConfigurationName = Release;
		};
		643851432A192584004CAC1C /* Build configuration list for PBXProject "Collage" */ = {
			isa = XCConfigurationList;
			buildConfigurations = (
				6438516A2A192585004CAC1C /* Debug */,
				6438516B2A192585004CAC1C /* Release */,
			);
			defaultConfigurationIsVisible = 0;
			defaultConfigurationName = Release;
		};
		6438516C2A192585004CAC1C /* Build configuration list for PBXNativeTarget "Collage" */ = {
			isa = XCConfigurationList;
			buildConfigurations = (
				6438516D2A192585004CAC1C /* Debug */,
				6438516E2A192585004CAC1C /* Release */,
			);
			defaultConfigurationIsVisible = 0;
			defaultConfigurationName = Release;
		};
		6438516F2A192585004CAC1C /* Build configuration list for PBXNativeTarget "CollageTests" */ = {
			isa = XCConfigurationList;
			buildConfigurations = (
				643851702A192585004CAC1C /* Debug */,
				643851712A192585004CAC1C /* Release */,
			);
			defaultConfigurationIsVisible = 0;
			defaultConfigurationName = Release;
		};
/* End XCConfigurationList section */
	};
	rootObject = 643851402A192584004CAC1C /* Project object */;
}
